// !$*UTF8*$!
{
	archiveVersion = 1;
	classes = {
	};
	objectVersion = 51;
	objects = {

/* Begin PBXBuildFile section */
		3D25B61024EB772300F79698 /* Ext - UIImageView.swift in Sources */ = {isa = PBXBuildFile; fileRef = 3D25B60F24EB772300F79698 /* Ext - UIImageView.swift */; };
		3D2F992924D4EF9D00CB3E67 /* LoginVC.swift in Sources */ = {isa = PBXBuildFile; fileRef = 3D2F992824D4EF9D00CB3E67 /* LoginVC.swift */; };
		3D3356E624D3B7AB0039F642 /* ClearNavBarViewController.swift in Sources */ = {isa = PBXBuildFile; fileRef = 3D3356E524D3B7AB0039F642 /* ClearNavBarViewController.swift */; };
		3D4183F524C7F73500B39E92 /* LoginRegisterTextField.swift in Sources */ = {isa = PBXBuildFile; fileRef = 3D4183F424C7F73500B39E92 /* LoginRegisterTextField.swift */; };
		3D72E38B24C92F7C006A00B8 /* SeparatorView.swift in Sources */ = {isa = PBXBuildFile; fileRef = 3D72E38A24C92F7C006A00B8 /* SeparatorView.swift */; };
		3D72E38D24C930B4006A00B8 /* CustomButton.swift in Sources */ = {isa = PBXBuildFile; fileRef = 3D72E38C24C930B4006A00B8 /* CustomButton.swift */; };
		3D86B8E424CD04F900E16198 /* NetworkManager.swift in Sources */ = {isa = PBXBuildFile; fileRef = 3D86B8E324CD04F900E16198 /* NetworkManager.swift */; };
		3D86B8E624CD27FE00E16198 /* NewMessageVC.swift in Sources */ = {isa = PBXBuildFile; fileRef = 3D86B8E524CD27FE00E16198 /* NewMessageVC.swift */; };
		3D86B8E824CD2BAC00E16198 /* ConversationCell.swift in Sources */ = {isa = PBXBuildFile; fileRef = 3D86B8E724CD2BAC00E16198 /* ConversationCell.swift */; };
		3DCB5FA624D76416000BA18A /* MessageCell.swift in Sources */ = {isa = PBXBuildFile; fileRef = 3DCB5FA524D76416000BA18A /* MessageCell.swift */; };
		3DDA929A24CE58C500D7F434 /* ChatVC.swift in Sources */ = {isa = PBXBuildFile; fileRef = 3DDA929924CE58C500D7F434 /* ChatVC.swift */; };
		3DDA929C24CE8CA700D7F434 /* MessageInputContainerView.swift in Sources */ = {isa = PBXBuildFile; fileRef = 3DDA929B24CE8CA700D7F434 /* MessageInputContainerView.swift */; };
		3DDD74C224DC6AB800D31BFE /* UserCell.swift in Sources */ = {isa = PBXBuildFile; fileRef = 3DDD74C124DC6AB800D31BFE /* UserCell.swift */; };
		3DDE0ACB24C7DB31008FB508 /* AppDelegate.swift in Sources */ = {isa = PBXBuildFile; fileRef = 3DDE0ACA24C7DB31008FB508 /* AppDelegate.swift */; };
		3DDE0ACD24C7DB31008FB508 /* SceneDelegate.swift in Sources */ = {isa = PBXBuildFile; fileRef = 3DDE0ACC24C7DB31008FB508 /* SceneDelegate.swift */; };
		3DDE0ACF24C7DB31008FB508 /* MessageVC.swift in Sources */ = {isa = PBXBuildFile; fileRef = 3DDE0ACE24C7DB31008FB508 /* MessageVC.swift */; };
		3DDE0AD424C7DB33008FB508 /* Assets.xcassets in Resources */ = {isa = PBXBuildFile; fileRef = 3DDE0AD324C7DB33008FB508 /* Assets.xcassets */; };
		3DDE0AD724C7DB33008FB508 /* LaunchScreen.storyboard in Resources */ = {isa = PBXBuildFile; fileRef = 3DDE0AD524C7DB33008FB508 /* LaunchScreen.storyboard */; };
		3DDE0AE324C7DD5F008FB508 /* Ext - UIView.swift in Sources */ = {isa = PBXBuildFile; fileRef = 3DDE0AE224C7DD5F008FB508 /* Ext - UIView.swift */; };
		3DDE0AE524C7E775008FB508 /* LoginRegisterVC.swift in Sources */ = {isa = PBXBuildFile; fileRef = 3DDE0AE424C7E775008FB508 /* LoginRegisterVC.swift */; };
		3DDE0AE824C7EE26008FB508 /* Constants.swift in Sources */ = {isa = PBXBuildFile; fileRef = 3DDE0AE724C7EE26008FB508 /* Constants.swift */; };
		3DDF883524D112F200183EEC /* Message.swift in Sources */ = {isa = PBXBuildFile; fileRef = 3DDF883424D112F200183EEC /* Message.swift */; };
		3DE249F924CBBC03006D9493 /* GoogleService-Info.plist in Resources */ = {isa = PBXBuildFile; fileRef = 3DE249F824CBBC03006D9493 /* GoogleService-Info.plist */; };
		3DE249FC24CBBF22006D9493 /* AuthManager.swift in Sources */ = {isa = PBXBuildFile; fileRef = 3DE249FB24CBBF22006D9493 /* AuthManager.swift */; };
		3DE249FE24CBCA4E006D9493 /* ErrorMessage.swift in Sources */ = {isa = PBXBuildFile; fileRef = 3DE249FD24CBCA4E006D9493 /* ErrorMessage.swift */; };
		3DE24A0024CBE239006D9493 /* DatabaseManager.swift in Sources */ = {isa = PBXBuildFile; fileRef = 3DE249FF24CBE239006D9493 /* DatabaseManager.swift */; };
		3DE24A0224CBE44E006D9493 /* User.swift in Sources */ = {isa = PBXBuildFile; fileRef = 3DE24A0124CBE44E006D9493 /* User.swift */; };
		3DFC60BC24D2271900520936 /* RegisterNameVC.swift in Sources */ = {isa = PBXBuildFile; fileRef = 3DFC60BB24D2271900520936 /* RegisterNameVC.swift */; };
		3DFC60BE24D2287700520936 /* RegisterAvatarVC.swift in Sources */ = {isa = PBXBuildFile; fileRef = 3DFC60BD24D2287700520936 /* RegisterAvatarVC.swift */; };
		3DFC60C024D26F3500520936 /* ContinueButtonContainerView.swift in Sources */ = {isa = PBXBuildFile; fileRef = 3DFC60BF24D26F3500520936 /* ContinueButtonContainerView.swift */; };
		3DFC60C224D278A700520936 /* RegisterEmailPasswordVC.swift in Sources */ = {isa = PBXBuildFile; fileRef = 3DFC60C124D278A700520936 /* RegisterEmailPasswordVC.swift */; };
		5B4F8C5746049F4155232887 /* Pods_pokeChat.framework in Frameworks */ = {isa = PBXBuildFile; fileRef = A80853E4A8CB88AB764895AE /* Pods_pokeChat.framework */; };
/* End PBXBuildFile section */

/* Begin PBXFileReference section */
		3D25B60F24EB772300F79698 /* Ext - UIImageView.swift */ = {isa = PBXFileReference; lastKnownFileType = sourcecode.swift; path = "Ext - UIImageView.swift"; sourceTree = "<group>"; };
		3D2F992824D4EF9D00CB3E67 /* LoginVC.swift */ = {isa = PBXFileReference; lastKnownFileType = sourcecode.swift; path = LoginVC.swift; sourceTree = "<group>"; };
		3D3356E524D3B7AB0039F642 /* ClearNavBarViewController.swift */ = {isa = PBXFileReference; lastKnownFileType = sourcecode.swift; path = ClearNavBarViewController.swift; sourceTree = "<group>"; };
		3D4183F424C7F73500B39E92 /* LoginRegisterTextField.swift */ = {isa = PBXFileReference; lastKnownFileType = sourcecode.swift; path = LoginRegisterTextField.swift; sourceTree = "<group>"; };
		3D72E38A24C92F7C006A00B8 /* SeparatorView.swift */ = {isa = PBXFileReference; lastKnownFileType = sourcecode.swift; path = SeparatorView.swift; sourceTree = "<group>"; };
		3D72E38C24C930B4006A00B8 /* CustomButton.swift */ = {isa = PBXFileReference; lastKnownFileType = sourcecode.swift; path = CustomButton.swift; sourceTree = "<group>"; };
		3D86B8E324CD04F900E16198 /* NetworkManager.swift */ = {isa = PBXFileReference; lastKnownFileType = sourcecode.swift; path = NetworkManager.swift; sourceTree = "<group>"; };
		3D86B8E524CD27FE00E16198 /* NewMessageVC.swift */ = {isa = PBXFileReference; lastKnownFileType = sourcecode.swift; path = NewMessageVC.swift; sourceTree = "<group>"; };
		3D86B8E724CD2BAC00E16198 /* ConversationCell.swift */ = {isa = PBXFileReference; lastKnownFileType = sourcecode.swift; path = ConversationCell.swift; sourceTree = "<group>"; };
		3DCB5FA524D76416000BA18A /* MessageCell.swift */ = {isa = PBXFileReference; lastKnownFileType = sourcecode.swift; path = MessageCell.swift; sourceTree = "<group>"; };
		3DDA929924CE58C500D7F434 /* ChatVC.swift */ = {isa = PBXFileReference; lastKnownFileType = sourcecode.swift; path = ChatVC.swift; sourceTree = "<group>"; };
		3DDA929B24CE8CA700D7F434 /* MessageInputContainerView.swift */ = {isa = PBXFileReference; lastKnownFileType = sourcecode.swift; path = MessageInputContainerView.swift; sourceTree = "<group>"; };
		3DDD74C124DC6AB800D31BFE /* UserCell.swift */ = {isa = PBXFileReference; lastKnownFileType = sourcecode.swift; path = UserCell.swift; sourceTree = "<group>"; };
		3DDE0AC724C7DB31008FB508 /* pokeChat.app */ = {isa = PBXFileReference; explicitFileType = wrapper.application; includeInIndex = 0; path = pokeChat.app; sourceTree = BUILT_PRODUCTS_DIR; };
		3DDE0ACA24C7DB31008FB508 /* AppDelegate.swift */ = {isa = PBXFileReference; lastKnownFileType = sourcecode.swift; path = AppDelegate.swift; sourceTree = "<group>"; };
		3DDE0ACC24C7DB31008FB508 /* SceneDelegate.swift */ = {isa = PBXFileReference; lastKnownFileType = sourcecode.swift; path = SceneDelegate.swift; sourceTree = "<group>"; };
		3DDE0ACE24C7DB31008FB508 /* MessageVC.swift */ = {isa = PBXFileReference; lastKnownFileType = sourcecode.swift; path = MessageVC.swift; sourceTree = "<group>"; };
		3DDE0AD324C7DB33008FB508 /* Assets.xcassets */ = {isa = PBXFileReference; lastKnownFileType = folder.assetcatalog; path = Assets.xcassets; sourceTree = "<group>"; };
		3DDE0AD624C7DB33008FB508 /* Base */ = {isa = PBXFileReference; lastKnownFileType = file.storyboard; name = Base; path = Base.lproj/LaunchScreen.storyboard; sourceTree = "<group>"; };
		3DDE0AD824C7DB33008FB508 /* Info.plist */ = {isa = PBXFileReference; lastKnownFileType = text.plist.xml; path = Info.plist; sourceTree = "<group>"; };
		3DDE0AE224C7DD5F008FB508 /* Ext - UIView.swift */ = {isa = PBXFileReference; lastKnownFileType = sourcecode.swift; path = "Ext - UIView.swift"; sourceTree = "<group>"; };
		3DDE0AE424C7E775008FB508 /* LoginRegisterVC.swift */ = {isa = PBXFileReference; lastKnownFileType = sourcecode.swift; path = LoginRegisterVC.swift; sourceTree = "<group>"; };
		3DDE0AE724C7EE26008FB508 /* Constants.swift */ = {isa = PBXFileReference; lastKnownFileType = sourcecode.swift; path = Constants.swift; sourceTree = "<group>"; };
		3DDF883424D112F200183EEC /* Message.swift */ = {isa = PBXFileReference; lastKnownFileType = sourcecode.swift; path = Message.swift; sourceTree = "<group>"; };
		3DE249F824CBBC03006D9493 /* GoogleService-Info.plist */ = {isa = PBXFileReference; fileEncoding = 4; lastKnownFileType = text.plist.xml; path = "GoogleService-Info.plist"; sourceTree = "<group>"; };
		3DE249FB24CBBF22006D9493 /* AuthManager.swift */ = {isa = PBXFileReference; lastKnownFileType = sourcecode.swift; path = AuthManager.swift; sourceTree = "<group>"; };
		3DE249FD24CBCA4E006D9493 /* ErrorMessage.swift */ = {isa = PBXFileReference; lastKnownFileType = sourcecode.swift; path = ErrorMessage.swift; sourceTree = "<group>"; };
		3DE249FF24CBE239006D9493 /* DatabaseManager.swift */ = {isa = PBXFileReference; lastKnownFileType = sourcecode.swift; path = DatabaseManager.swift; sourceTree = "<group>"; };
		3DE24A0124CBE44E006D9493 /* User.swift */ = {isa = PBXFileReference; lastKnownFileType = sourcecode.swift; path = User.swift; sourceTree = "<group>"; };
		3DFC60BB24D2271900520936 /* RegisterNameVC.swift */ = {isa = PBXFileReference; lastKnownFileType = sourcecode.swift; path = RegisterNameVC.swift; sourceTree = "<group>"; };
		3DFC60BD24D2287700520936 /* RegisterAvatarVC.swift */ = {isa = PBXFileReference; lastKnownFileType = sourcecode.swift; path = RegisterAvatarVC.swift; sourceTree = "<group>"; };
		3DFC60BF24D26F3500520936 /* ContinueButtonContainerView.swift */ = {isa = PBXFileReference; lastKnownFileType = sourcecode.swift; path = ContinueButtonContainerView.swift; sourceTree = "<group>"; };
		3DFC60C124D278A700520936 /* RegisterEmailPasswordVC.swift */ = {isa = PBXFileReference; lastKnownFileType = sourcecode.swift; path = RegisterEmailPasswordVC.swift; sourceTree = "<group>"; };
		70CD1F90B7F9BA975903EE93 /* Pods-pokeChat.debug.xcconfig */ = {isa = PBXFileReference; includeInIndex = 1; lastKnownFileType = text.xcconfig; name = "Pods-pokeChat.debug.xcconfig"; path = "Target Support Files/Pods-pokeChat/Pods-pokeChat.debug.xcconfig"; sourceTree = "<group>"; };
		A80853E4A8CB88AB764895AE /* Pods_pokeChat.framework */ = {isa = PBXFileReference; explicitFileType = wrapper.framework; includeInIndex = 0; path = Pods_pokeChat.framework; sourceTree = BUILT_PRODUCTS_DIR; };
		A934547F562C268C0BBCA98C /* Pods-pokeChat.release.xcconfig */ = {isa = PBXFileReference; includeInIndex = 1; lastKnownFileType = text.xcconfig; name = "Pods-pokeChat.release.xcconfig"; path = "Target Support Files/Pods-pokeChat/Pods-pokeChat.release.xcconfig"; sourceTree = "<group>"; };
/* End PBXFileReference section */

/* Begin PBXFrameworksBuildPhase section */
		3DDE0AC424C7DB31008FB508 /* Frameworks */ = {
			isa = PBXFrameworksBuildPhase;
			buildActionMask = 2147483647;
			files = (
				5B4F8C5746049F4155232887 /* Pods_pokeChat.framework in Frameworks */,
			);
			runOnlyForDeploymentPostprocessing = 0;
		};
/* End PBXFrameworksBuildPhase section */

/* Begin PBXGroup section */
		16A4090DCA38ABB1C6946299 /* Pods */ = {
			isa = PBXGroup;
			children = (
				70CD1F90B7F9BA975903EE93 /* Pods-pokeChat.debug.xcconfig */,
				A934547F562C268C0BBCA98C /* Pods-pokeChat.release.xcconfig */,
			);
			path = Pods;
			sourceTree = "<group>";
		};
		3DDE0ABE24C7DB31008FB508 = {
			isa = PBXGroup;
			children = (
				3DDE0AC924C7DB31008FB508 /* pokeChat */,
				3DDE0AC824C7DB31008FB508 /* Products */,
				16A4090DCA38ABB1C6946299 /* Pods */,
				9E99343EA979B1B7A450AFD5 /* Frameworks */,
			);
			sourceTree = "<group>";
		};
		3DDE0AC824C7DB31008FB508 /* Products */ = {
			isa = PBXGroup;
			children = (
				3DDE0AC724C7DB31008FB508 /* pokeChat.app */,
			);
			name = Products;
			sourceTree = "<group>";
		};
		3DDE0AC924C7DB31008FB508 /* pokeChat */ = {
			isa = PBXGroup;
			children = (
				3DE249FA24CBBF16006D9493 /* Services */,
				3DDE0AE124C7DD44008FB508 /* Utilities */,
				3DDE0ADE24C7DD11008FB508 /* Model */,
				3DDE0ADF24C7DD17008FB508 /* View */,
				3DDE0AE024C7DD1B008FB508 /* Controller */,
				3DDE0ACA24C7DB31008FB508 /* AppDelegate.swift */,
				3DDE0ACC24C7DB31008FB508 /* SceneDelegate.swift */,
				3DDE0AD324C7DB33008FB508 /* Assets.xcassets */,
				3DDE0AD524C7DB33008FB508 /* LaunchScreen.storyboard */,
				3DDE0AD824C7DB33008FB508 /* Info.plist */,
				3DE249F824CBBC03006D9493 /* GoogleService-Info.plist */,
			);
			path = pokeChat;
			sourceTree = "<group>";
		};
		3DDE0ADE24C7DD11008FB508 /* Model */ = {
			isa = PBXGroup;
			children = (
				3DE24A0124CBE44E006D9493 /* User.swift */,
				3DDF883424D112F200183EEC /* Message.swift */,
			);
			path = Model;
			sourceTree = "<group>";
		};
		3DDE0ADF24C7DD17008FB508 /* View */ = {
			isa = PBXGroup;
			children = (
				3D4183F424C7F73500B39E92 /* LoginRegisterTextField.swift */,
				3D72E38A24C92F7C006A00B8 /* SeparatorView.swift */,
				3D72E38C24C930B4006A00B8 /* CustomButton.swift */,
				3DDD74C124DC6AB800D31BFE /* UserCell.swift */,
				3D86B8E724CD2BAC00E16198 /* ConversationCell.swift */,
				3DDA929B24CE8CA700D7F434 /* MessageInputContainerView.swift */,
				3DFC60BF24D26F3500520936 /* ContinueButtonContainerView.swift */,
				3D3356E524D3B7AB0039F642 /* ClearNavBarViewController.swift */,
				3DCB5FA524D76416000BA18A /* MessageCell.swift */,
			);
			path = View;
			sourceTree = "<group>";
		};
		3DDE0AE024C7DD1B008FB508 /* Controller */ = {
			isa = PBXGroup;
			children = (
				3DDE0ACE24C7DB31008FB508 /* MessageVC.swift */,
				3DFC60BA24D226C300520936 /* LoginRegisterVC(s) */,
				3D86B8E524CD27FE00E16198 /* NewMessageVC.swift */,
				3DDA929924CE58C500D7F434 /* ChatVC.swift */,
			);
			path = Controller;
			sourceTree = "<group>";
		};
		3DDE0AE124C7DD44008FB508 /* Utilities */ = {
			isa = PBXGroup;
			children = (
				3DDE0AE624C7EE0C008FB508 /* Extensions */,
				3DDE0AE724C7EE26008FB508 /* Constants.swift */,
				3DE249FD24CBCA4E006D9493 /* ErrorMessage.swift */,
			);
			path = Utilities;
			sourceTree = "<group>";
		};
		3DDE0AE624C7EE0C008FB508 /* Extensions */ = {
			isa = PBXGroup;
			children = (
				3DDE0AE224C7DD5F008FB508 /* Ext - UIView.swift */,
				3D25B60F24EB772300F79698 /* Ext - UIImageView.swift */,
			);
			path = Extensions;
			sourceTree = "<group>";
		};
		3DE249FA24CBBF16006D9493 /* Services */ = {
			isa = PBXGroup;
			children = (
				3DE249FB24CBBF22006D9493 /* AuthManager.swift */,
				3DE249FF24CBE239006D9493 /* DatabaseManager.swift */,
				3D86B8E324CD04F900E16198 /* NetworkManager.swift */,
			);
			path = Services;
			sourceTree = "<group>";
		};
		3DFC60BA24D226C300520936 /* LoginRegisterVC(s) */ = {
			isa = PBXGroup;
			children = (
				3DDE0AE424C7E775008FB508 /* LoginRegisterVC.swift */,
				3DFC60C324D27E1500520936 /* Register */,
				3D2F992824D4EF9D00CB3E67 /* LoginVC.swift */,
			);
			path = "LoginRegisterVC(s)";
			sourceTree = "<group>";
		};
		3DFC60C324D27E1500520936 /* Register */ = {
			isa = PBXGroup;
			children = (
				3DFC60BD24D2287700520936 /* RegisterAvatarVC.swift */,
				3DFC60BB24D2271900520936 /* RegisterNameVC.swift */,
				3DFC60C124D278A700520936 /* RegisterEmailPasswordVC.swift */,
			);
			path = Register;
			sourceTree = "<group>";
		};
		9E99343EA979B1B7A450AFD5 /* Frameworks */ = {
			isa = PBXGroup;
			children = (
				A80853E4A8CB88AB764895AE /* Pods_pokeChat.framework */,
			);
			name = Frameworks;
			sourceTree = "<group>";
		};
/* End PBXGroup section */

/* Begin PBXNativeTarget section */
		3DDE0AC624C7DB31008FB508 /* pokeChat */ = {
			isa = PBXNativeTarget;
			buildConfigurationList = 3DDE0ADB24C7DB33008FB508 /* Build configuration list for PBXNativeTarget "pokeChat" */;
			buildPhases = (
				532DAE7B6A1D775C4A855A3D /* [CP] Check Pods Manifest.lock */,
				3DDE0AC324C7DB31008FB508 /* Sources */,
				3DDE0AC424C7DB31008FB508 /* Frameworks */,
				3DDE0AC524C7DB31008FB508 /* Resources */,
				D48D3027D6680F8F54A368B3 /* [CP] Embed Pods Frameworks */,
			);
			buildRules = (
			);
			dependencies = (
			);
			name = pokeChat;
			productName = pokeChat;
			productReference = 3DDE0AC724C7DB31008FB508 /* pokeChat.app */;
			productType = "com.apple.product-type.application";
		};
/* End PBXNativeTarget section */

/* Begin PBXProject section */
		3DDE0ABF24C7DB31008FB508 /* Project object */ = {
			isa = PBXProject;
			attributes = {
				LastSwiftUpdateCheck = 1150;
				LastUpgradeCheck = 1150;
				ORGANIZATIONNAME = "William Yeung";
				TargetAttributes = {
					3DDE0AC624C7DB31008FB508 = {
						CreatedOnToolsVersion = 11.5;
					};
				};
			};
			buildConfigurationList = 3DDE0AC224C7DB31008FB508 /* Build configuration list for PBXProject "pokeChat" */;
			compatibilityVersion = "Xcode 9.3";
			developmentRegion = en;
			hasScannedForEncodings = 0;
			knownRegions = (
				en,
				Base,
			);
			mainGroup = 3DDE0ABE24C7DB31008FB508;
			productRefGroup = 3DDE0AC824C7DB31008FB508 /* Products */;
			projectDirPath = "";
			projectRoot = "";
			targets = (
				3DDE0AC624C7DB31008FB508 /* pokeChat */,
			);
		};
/* End PBXProject section */

/* Begin PBXResourcesBuildPhase section */
		3DDE0AC524C7DB31008FB508 /* Resources */ = {
			isa = PBXResourcesBuildPhase;
			buildActionMask = 2147483647;
			files = (
				3DDE0AD724C7DB33008FB508 /* LaunchScreen.storyboard in Resources */,
				3DDE0AD424C7DB33008FB508 /* Assets.xcassets in Resources */,
				3DE249F924CBBC03006D9493 /* GoogleService-Info.plist in Resources */,
			);
			runOnlyForDeploymentPostprocessing = 0;
		};
/* End PBXResourcesBuildPhase section */

/* Begin PBXShellScriptBuildPhase section */
		532DAE7B6A1D775C4A855A3D /* [CP] Check Pods Manifest.lock */ = {
			isa = PBXShellScriptBuildPhase;
			buildActionMask = 2147483647;
			files = (
			);
			inputFileListPaths = (
			);
			inputPaths = (
				"${PODS_PODFILE_DIR_PATH}/Podfile.lock",
				"${PODS_ROOT}/Manifest.lock",
			);
			name = "[CP] Check Pods Manifest.lock";
			outputFileListPaths = (
			);
			outputPaths = (
				"$(DERIVED_FILE_DIR)/Pods-pokeChat-checkManifestLockResult.txt",
			);
			runOnlyForDeploymentPostprocessing = 0;
			shellPath = /bin/sh;
			shellScript = "diff \"${PODS_PODFILE_DIR_PATH}/Podfile.lock\" \"${PODS_ROOT}/Manifest.lock\" > /dev/null\nif [ $? != 0 ] ; then\n    # print error to STDERR\n    echo \"error: The sandbox is not in sync with the Podfile.lock. Run 'pod install' or update your CocoaPods installation.\" >&2\n    exit 1\nfi\n# This output is used by Xcode 'outputs' to avoid re-running this script phase.\necho \"SUCCESS\" > \"${SCRIPT_OUTPUT_FILE_0}\"\n";
			showEnvVarsInLog = 0;
		};
		D48D3027D6680F8F54A368B3 /* [CP] Embed Pods Frameworks */ = {
			isa = PBXShellScriptBuildPhase;
			buildActionMask = 2147483647;
			files = (
			);
			inputFileListPaths = (
				"${PODS_ROOT}/Target Support Files/Pods-pokeChat/Pods-pokeChat-frameworks-${CONFIGURATION}-input-files.xcfilelist",
			);
			name = "[CP] Embed Pods Frameworks";
			outputFileListPaths = (
				"${PODS_ROOT}/Target Support Files/Pods-pokeChat/Pods-pokeChat-frameworks-${CONFIGURATION}-output-files.xcfilelist",
			);
			runOnlyForDeploymentPostprocessing = 0;
			shellPath = /bin/sh;
			shellScript = "\"${PODS_ROOT}/Target Support Files/Pods-pokeChat/Pods-pokeChat-frameworks.sh\"\n";
			showEnvVarsInLog = 0;
		};
/* End PBXShellScriptBuildPhase section */

/* Begin PBXSourcesBuildPhase section */
		3DDE0AC324C7DB31008FB508 /* Sources */ = {
			isa = PBXSourcesBuildPhase;
			buildActionMask = 2147483647;
			files = (
				3D3356E624D3B7AB0039F642 /* ClearNavBarViewController.swift in Sources */,
				3DDA929A24CE58C500D7F434 /* ChatVC.swift in Sources */,
				3DDE0AE324C7DD5F008FB508 /* Ext - UIView.swift in Sources */,
				3D72E38D24C930B4006A00B8 /* CustomButton.swift in Sources */,
				3DDD74C224DC6AB800D31BFE /* UserCell.swift in Sources */,
				3DFC60BE24D2287700520936 /* RegisterAvatarVC.swift in Sources */,
				3DDE0ACF24C7DB31008FB508 /* MessageVC.swift in Sources */,
				3D72E38B24C92F7C006A00B8 /* SeparatorView.swift in Sources */,
				3DFC60C024D26F3500520936 /* ContinueButtonContainerView.swift in Sources */,
				3D86B8E824CD2BAC00E16198 /* ConversationCell.swift in Sources */,
				3D86B8E624CD27FE00E16198 /* NewMessageVC.swift in Sources */,
				3DE249FE24CBCA4E006D9493 /* ErrorMessage.swift in Sources */,
				3DE249FC24CBBF22006D9493 /* AuthManager.swift in Sources */,
				3DE24A0224CBE44E006D9493 /* User.swift in Sources */,
				3DDE0ACB24C7DB31008FB508 /* AppDelegate.swift in Sources */,
				3DDE0AE524C7E775008FB508 /* LoginRegisterVC.swift in Sources */,
				3DDE0ACD24C7DB31008FB508 /* SceneDelegate.swift in Sources */,
				3D4183F524C7F73500B39E92 /* LoginRegisterTextField.swift in Sources */,
				3DFC60C224D278A700520936 /* RegisterEmailPasswordVC.swift in Sources */,
				3D86B8E424CD04F900E16198 /* NetworkManager.swift in Sources */,
				3DE24A0024CBE239006D9493 /* DatabaseManager.swift in Sources */,
				3DDF883524D112F200183EEC /* Message.swift in Sources */,
				3D2F992924D4EF9D00CB3E67 /* LoginVC.swift in Sources */,
				3DFC60BC24D2271900520936 /* RegisterNameVC.swift in Sources */,
				3D25B61024EB772300F79698 /* Ext - UIImageView.swift in Sources */,
				3DDE0AE824C7EE26008FB508 /* Constants.swift in Sources */,
				3DDA929C24CE8CA700D7F434 /* MessageInputContainerView.swift in Sources */,
				3DCB5FA624D76416000BA18A /* MessageCell.swift in Sources */,
			);
			runOnlyForDeploymentPostprocessing = 0;
		};
/* End PBXSourcesBuildPhase section */

/* Begin PBXVariantGroup section */
		3DDE0AD524C7DB33008FB508 /* LaunchScreen.storyboard */ = {
			isa = PBXVariantGroup;
			children = (
				3DDE0AD624C7DB33008FB508 /* Base */,
			);
			name = LaunchScreen.storyboard;
			sourceTree = "<group>";
		};
/* End PBXVariantGroup section */

/* Begin XCBuildConfiguration section */
		3DDE0AD924C7DB33008FB508 /* Debug */ = {
			isa = XCBuildConfiguration;
			buildSettings = {
				ALWAYS_SEARCH_USER_PATHS = NO;
				CLANG_ANALYZER_NONNULL = YES;
				CLANG_ANALYZER_NUMBER_OBJECT_CONVERSION = YES_AGGRESSIVE;
				CLANG_CXX_LANGUAGE_STANDARD = "gnu++14";
				CLANG_CXX_LIBRARY = "libc++";
				CLANG_ENABLE_MODULES = YES;
				CLANG_ENABLE_OBJC_ARC = YES;
				CLANG_ENABLE_OBJC_WEAK = YES;
				CLANG_WARN_BLOCK_CAPTURE_AUTORELEASING = YES;
				CLANG_WARN_BOOL_CONVERSION = YES;
				CLANG_WARN_COMMA = YES;
				CLANG_WARN_CONSTANT_CONVERSION = YES;
				CLANG_WARN_DEPRECATED_OBJC_IMPLEMENTATIONS = YES;
				CLANG_WARN_DIRECT_OBJC_ISA_USAGE = YES_ERROR;
				CLANG_WARN_DOCUMENTATION_COMMENTS = YES;
				CLANG_WARN_EMPTY_BODY = YES;
				CLANG_WARN_ENUM_CONVERSION = YES;
				CLANG_WARN_INFINITE_RECURSION = YES;
				CLANG_WARN_INT_CONVERSION = YES;
				CLANG_WARN_NON_LITERAL_NULL_CONVERSION = YES;
				CLANG_WARN_OBJC_IMPLICIT_RETAIN_SELF = YES;
				CLANG_WARN_OBJC_LITERAL_CONVERSION = YES;
				CLANG_WARN_OBJC_ROOT_CLASS = YES_ERROR;
				CLANG_WARN_RANGE_LOOP_ANALYSIS = YES;
				CLANG_WARN_STRICT_PROTOTYPES = YES;
				CLANG_WARN_SUSPICIOUS_MOVE = YES;
				CLANG_WARN_UNGUARDED_AVAILABILITY = YES_AGGRESSIVE;
				CLANG_WARN_UNREACHABLE_CODE = YES;
				CLANG_WARN__DUPLICATE_METHOD_MATCH = YES;
				COPY_PHASE_STRIP = NO;
				DEBUG_INFORMATION_FORMAT = dwarf;
				ENABLE_STRICT_OBJC_MSGSEND = YES;
				ENABLE_TESTABILITY = YES;
				GCC_C_LANGUAGE_STANDARD = gnu11;
				GCC_DYNAMIC_NO_PIC = NO;
				GCC_NO_COMMON_BLOCKS = YES;
				GCC_OPTIMIZATION_LEVEL = 0;
				GCC_PREPROCESSOR_DEFINITIONS = (
					"DEBUG=1",
					"$(inherited)",
				);
				GCC_WARN_64_TO_32_BIT_CONVERSION = YES;
				GCC_WARN_ABOUT_RETURN_TYPE = YES_ERROR;
				GCC_WARN_UNDECLARED_SELECTOR = YES;
				GCC_WARN_UNINITIALIZED_AUTOS = YES_AGGRESSIVE;
				GCC_WARN_UNUSED_FUNCTION = YES;
				GCC_WARN_UNUSED_VARIABLE = YES;
				IPHONEOS_DEPLOYMENT_TARGET = 13.5;
				MTL_ENABLE_DEBUG_INFO = INCLUDE_SOURCE;
				MTL_FAST_MATH = YES;
				ONLY_ACTIVE_ARCH = YES;
				SDKROOT = iphoneos;
				SWIFT_ACTIVE_COMPILATION_CONDITIONS = DEBUG;
				SWIFT_OPTIMIZATION_LEVEL = "-Onone";
			};
			name = Debug;
		};
		3DDE0ADA24C7DB33008FB508 /* Release */ = {
			isa = XCBuildConfiguration;
			buildSettings = {
				ALWAYS_SEARCH_USER_PATHS = NO;
				CLANG_ANALYZER_NONNULL = YES;
				CLANG_ANALYZER_NUMBER_OBJECT_CONVERSION = YES_AGGRESSIVE;
				CLANG_CXX_LANGUAGE_STANDARD = "gnu++14";
				CLANG_CXX_LIBRARY = "libc++";
				CLANG_ENABLE_MODULES = YES;
				CLANG_ENABLE_OBJC_ARC = YES;
				CLANG_ENABLE_OBJC_WEAK = YES;
				CLANG_WARN_BLOCK_CAPTURE_AUTORELEASING = YES;
				CLANG_WARN_BOOL_CONVERSION = YES;
				CLANG_WARN_COMMA = YES;
				CLANG_WARN_CONSTANT_CONVERSION = YES;
				CLANG_WARN_DEPRECATED_OBJC_IMPLEMENTATIONS = YES;
				CLANG_WARN_DIRECT_OBJC_ISA_USAGE = YES_ERROR;
				CLANG_WARN_DOCUMENTATION_COMMENTS = YES;
				CLANG_WARN_EMPTY_BODY = YES;
				CLANG_WARN_ENUM_CONVERSION = YES;
				CLANG_WARN_INFINITE_RECURSION = YES;
				CLANG_WARN_INT_CONVERSION = YES;
				CLANG_WARN_NON_LITERAL_NULL_CONVERSION = YES;
				CLANG_WARN_OBJC_IMPLICIT_RETAIN_SELF = YES;
				CLANG_WARN_OBJC_LITERAL_CONVERSION = YES;
				CLANG_WARN_OBJC_ROOT_CLASS = YES_ERROR;
				CLANG_WARN_RANGE_LOOP_ANALYSIS = YES;
				CLANG_WARN_STRICT_PROTOTYPES = YES;
				CLANG_WARN_SUSPICIOUS_MOVE = YES;
				CLANG_WARN_UNGUARDED_AVAILABILITY = YES_AGGRESSIVE;
				CLANG_WARN_UNREACHABLE_CODE = YES;
				CLANG_WARN__DUPLICATE_METHOD_MATCH = YES;
				COPY_PHASE_STRIP = NO;
				DEBUG_INFORMATION_FORMAT = "dwarf-with-dsym";
				ENABLE_NS_ASSERTIONS = NO;
				ENABLE_STRICT_OBJC_MSGSEND = YES;
				GCC_C_LANGUAGE_STANDARD = gnu11;
				GCC_NO_COMMON_BLOCKS = YES;
				GCC_WARN_64_TO_32_BIT_CONVERSION = YES;
				GCC_WARN_ABOUT_RETURN_TYPE = YES_ERROR;
				GCC_WARN_UNDECLARED_SELECTOR = YES;
				GCC_WARN_UNINITIALIZED_AUTOS = YES_AGGRESSIVE;
				GCC_WARN_UNUSED_FUNCTION = YES;
				GCC_WARN_UNUSED_VARIABLE = YES;
				IPHONEOS_DEPLOYMENT_TARGET = 13.5;
				MTL_ENABLE_DEBUG_INFO = NO;
				MTL_FAST_MATH = YES;
				SDKROOT = iphoneos;
				SWIFT_COMPILATION_MODE = wholemodule;
				SWIFT_OPTIMIZATION_LEVEL = "-O";
				VALIDATE_PRODUCT = YES;
			};
			name = Release;
		};
		3DDE0ADC24C7DB33008FB508 /* Debug */ = {
			isa = XCBuildConfiguration;
			baseConfigurationReference = 70CD1F90B7F9BA975903EE93 /* Pods-pokeChat.debug.xcconfig */;
			buildSettings = {
				ASSETCATALOG_COMPILER_APPICON_NAME = AppIcon;
				CODE_SIGN_STYLE = Automatic;
				DEVELOPMENT_TEAM = 62HGT66B46;
				INFOPLIST_FILE = pokeChat/Info.plist;
				LD_RUNPATH_SEARCH_PATHS = (
					"$(inherited)",
					"@executable_path/Frameworks",
				);
				PRODUCT_BUNDLE_IDENTIFIER = com.williamyeung.pokeChat;
				PRODUCT_NAME = "$(TARGET_NAME)";
				SWIFT_VERSION = 5.0;
				TARGETED_DEVICE_FAMILY = "1,2";
			};
			name = Debug;
		};
		3DDE0ADD24C7DB33008FB508 /* Release */ = {
			isa = XCBuildConfiguration;
			baseConfigurationReference = A934547F562C268C0BBCA98C /* Pods-pokeChat.release.xcconfig */;
			buildSettings = {
				ASSETCATALOG_COMPILER_APPICON_NAME = AppIcon;
				CODE_SIGN_STYLE = Automatic;
				DEVELOPMENT_TEAM = YNSMJAS38V;
				INFOPLIST_FILE = pokeChat/Info.plist;
				LD_RUNPATH_SEARCH_PATHS = (
					"$(inherited)",
					"@executable_path/Frameworks",
				);
				PRODUCT_BUNDLE_IDENTIFIER = com.williamyeung.pokeChat;
				PRODUCT_NAME = "$(TARGET_NAME)";
				SWIFT_VERSION = 5.0;
				TARGETED_DEVICE_FAMILY = "1,2";
			};
			name = Release;
		};
/* End XCBuildConfiguration section */

/* Begin XCConfigurationList section */
		3DDE0AC224C7DB31008FB508 /* Build configuration list for PBXProject "pokeChat" */ = {
			isa = XCConfigurationList;
			buildConfigurations = (
				3DDE0AD924C7DB33008FB508 /* Debug */,
				3DDE0ADA24C7DB33008FB508 /* Release */,
			);
			defaultConfigurationIsVisible = 0;
			defaultConfigurationName = Release;
		};
		3DDE0ADB24C7DB33008FB508 /* Build configuration list for PBXNativeTarget "pokeChat" */ = {
			isa = XCConfigurationList;
			buildConfigurations = (
				3DDE0ADC24C7DB33008FB508 /* Debug */,
				3DDE0ADD24C7DB33008FB508 /* Release */,
			);
			defaultConfigurationIsVisible = 0;
			defaultConfigurationName = Release;
		};
/* End XCConfigurationList section */
	};
	rootObject = 3DDE0ABF24C7DB31008FB508 /* Project object */;
}
